
Microsoft Visual Studio Solution File, Format Version 12.00
# Visual Studio Version 16
VisualStudioVersion = 16.0.29102.190
MinimumVisualStudioVersion = 10.0.40219.1
Project("{FAE04EC0-301F-11D3-BF4B-00C04F79EFBC}") = "ProductsList", "ProductsList\ProductsList.csproj", "{24BF91AD-7BC1-4FED-8BF4-56EA195501F7}"
EndProject
Project("{FAE04EC0-301F-11D3-BF4B-00C04F79EFBC}") = "BLL", "BLL\BLL.csproj", "{64834D86-7765-4CCD-9BCF-456775A3196D}"
EndProject
Project("{FAE04EC0-301F-11D3-BF4B-00C04F79EFBC}") = "DAL", "DAL\DAL.csproj", "{5ABAA12D-EEE9-4F89-8A99-DA8D714923D8}"
EndProject
Global
	GlobalSection(SolutionConfigurationPlatforms) = preSolution
		Debug|Any CPU = Debug|Any CPU
		Release|Any CPU = Release|Any CPU
	EndGlobalSection
	GlobalSection(ProjectConfigurationPlatforms) = postSolution
		{24BF91AD-7BC1-4FED-8BF4-56EA195501F7}.Debug|Any CPU.ActiveCfg = Debug|Any CPU
		{24BF91AD-7BC1-4FED-8BF4-56EA195501F7}.Debug|Any CPU.Build.0 = Debug|Any CPU
		{24BF91AD-7BC1-4FED-8BF4-56EA195501F7}.Release|Any CPU.ActiveCfg = Release|Any CPU
		{24BF91AD-7BC1-4FED-8BF4-56EA195501F7}.Release|Any CPU.Build.0 = Release|Any CPU
		{64834D86-7765-4CCD-9BCF-456775A3196D}.Debug|Any CPU.ActiveCfg = Debug|Any CPU
		{64834D86-7765-4CCD-9BCF-456775A3196D}.Debug|Any CPU.Build.0 = Debug|Any CPU
		{64834D86-7765-4CCD-9BCF-456775A3196D}.Release|Any CPU.ActiveCfg = Release|Any CPU
		{64834D86-7765-4CCD-9BCF-456775A3196D}.Release|Any CPU.Build.0 = Release|Any CPU
		{5ABAA12D-EEE9-4F89-8A99-DA8D714923D8}.Debug|Any CPU.ActiveCfg = Debug|Any CPU
		{5ABAA12D-EEE9-4F89-8A99-DA8D714923D8}.Debug|Any CPU.Build.0 = Debug|Any CPU
		{5ABAA12D-EEE9-4F89-8A99-DA8D714923D8}.Release|Any CPU.ActiveCfg = Release|Any CPU
		{5ABAA12D-EEE9-4F89-8A99-DA8D714923D8}.Release|Any CPU.Build.0 = Release|Any CPU
	EndGlobalSection
	GlobalSection(SolutionProperties) = preSolution
		HideSolutionNode = FALSE
	EndGlobalSection
	GlobalSection(ExtensibilityGlobals) = postSolution
		SolutionGuid = {FF7995B6-AA85-471C-9CAF-9F6B5E9A0016}
	EndGlobalSection
EndGlobal
